// !$*UTF8*$!
{
	archiveVersion = 1;
	classes = {
	};
	objectVersion = 56;
	objects = {

/* Begin PBXBuildFile section */
		32B82FB22C947BDA0010F477 /* madmaxApp.swift in Sources */ = {isa = PBXBuildFile; fileRef = 32B82FB12C947BDA0010F477 /* madmaxApp.swift */; };
		32B82FB42C947BDA0010F477 /* ContentView.swift in Sources */ = {isa = PBXBuildFile; fileRef = 32B82FB32C947BDA0010F477 /* ContentView.swift */; };
		32B82FB62C947BDC0010F477 /* Assets.xcassets in Resources */ = {isa = PBXBuildFile; fileRef = 32B82FB52C947BDC0010F477 /* Assets.xcassets */; };
		32B82FB92C947BDC0010F477 /* Preview Assets.xcassets in Resources */ = {isa = PBXBuildFile; fileRef = 32B82FB82C947BDC0010F477 /* Preview Assets.xcassets */; };
		32B82FC32C947BDC0010F477 /* madmaxTests.swift in Sources */ = {isa = PBXBuildFile; fileRef = 32B82FC22C947BDC0010F477 /* madmaxTests.swift */; };
		32B82FCD2C947BDC0010F477 /* madmaxUITests.swift in Sources */ = {isa = PBXBuildFile; fileRef = 32B82FCC2C947BDC0010F477 /* madmaxUITests.swift */; };
		32B82FCF2C947BDC0010F477 /* madmaxUITestsLaunchTests.swift in Sources */ = {isa = PBXBuildFile; fileRef = 32B82FCE2C947BDC0010F477 /* madmaxUITestsLaunchTests.swift */; };
		C8314D6C2CAEEE1C00C796DB /* WebSocket.swift in Sources */ = {isa = PBXBuildFile; fileRef = C8314D6B2CAEEE1C00C796DB /* WebSocket.swift */; };
		C8314D6E2CAEF35C00C796DB /* OrderBookViewModel.swift in Sources */ = {isa = PBXBuildFile; fileRef = C8314D6D2CAEF35C00C796DB /* OrderBookViewModel.swift */; };
		C8314D702CAF0CD700C796DB /* OrderBookRepository.swift in Sources */ = {isa = PBXBuildFile; fileRef = C8314D6F2CAF0CD700C796DB /* OrderBookRepository.swift */; };
		C8314D722CAF0CDD00C796DB /* TradeRepository.swift in Sources */ = {isa = PBXBuildFile; fileRef = C8314D712CAF0CDD00C796DB /* TradeRepository.swift */; };
		C8314D742CAF0D8F00C796DB /* DefaultOrderBookRepository.swift in Sources */ = {isa = PBXBuildFile; fileRef = C8314D732CAF0D8F00C796DB /* DefaultOrderBookRepository.swift */; };
		C8314D762CAF0E4000C796DB /* Error.swift in Sources */ = {isa = PBXBuildFile; fileRef = C8314D752CAF0E4000C796DB /* Error.swift */; };
		C8314D782CAF0EAD00C796DB /* Endpoint.swift in Sources */ = {isa = PBXBuildFile; fileRef = C8314D772CAF0EAD00C796DB /* Endpoint.swift */; };
		C8314D7A2CAF0F9C00C796DB /* OrderBookUseCase.swift in Sources */ = {isa = PBXBuildFile; fileRef = C8314D792CAF0F9C00C796DB /* OrderBookUseCase.swift */; };
		C8314D7C2CAF114B00C796DB /* OrderBook.swift in Sources */ = {isa = PBXBuildFile; fileRef = C8314D7B2CAF114B00C796DB /* OrderBook.swift */; };
		C8314D7E2CAF17EF00C796DB /* OrderBookDTO.swift in Sources */ = {isa = PBXBuildFile; fileRef = C8314D7D2CAF17EF00C796DB /* OrderBookDTO.swift */; };
		C8314D802CAFCA5500C796DB /* TestOrderBookRepository.swift in Sources */ = {isa = PBXBuildFile; fileRef = C8314D7F2CAFCA5500C796DB /* TestOrderBookRepository.swift */; };
/* End PBXBuildFile section */

/* Begin PBXContainerItemProxy section */
		32B82FBF2C947BDC0010F477 /* PBXContainerItemProxy */ = {
			isa = PBXContainerItemProxy;
			containerPortal = 32B82FA62C947BDA0010F477 /* Project object */;
			proxyType = 1;
			remoteGlobalIDString = 32B82FAD2C947BDA0010F477;
			remoteInfo = madmax;
		};
		32B82FC92C947BDC0010F477 /* PBXContainerItemProxy */ = {
			isa = PBXContainerItemProxy;
			containerPortal = 32B82FA62C947BDA0010F477 /* Project object */;
			proxyType = 1;
			remoteGlobalIDString = 32B82FAD2C947BDA0010F477;
			remoteInfo = madmax;
		};
/* End PBXContainerItemProxy section */

/* Begin PBXFileReference section */
		32B82FAE2C947BDA0010F477 /* madmax.app */ = {isa = PBXFileReference; explicitFileType = wrapper.application; includeInIndex = 0; path = madmax.app; sourceTree = BUILT_PRODUCTS_DIR; };
		32B82FB12C947BDA0010F477 /* madmaxApp.swift */ = {isa = PBXFileReference; lastKnownFileType = sourcecode.swift; path = madmaxApp.swift; sourceTree = "<group>"; };
		32B82FB32C947BDA0010F477 /* ContentView.swift */ = {isa = PBXFileReference; lastKnownFileType = sourcecode.swift; path = ContentView.swift; sourceTree = "<group>"; };
		32B82FB52C947BDC0010F477 /* Assets.xcassets */ = {isa = PBXFileReference; lastKnownFileType = folder.assetcatalog; path = Assets.xcassets; sourceTree = "<group>"; };
		32B82FB82C947BDC0010F477 /* Preview Assets.xcassets */ = {isa = PBXFileReference; lastKnownFileType = folder.assetcatalog; path = "Preview Assets.xcassets"; sourceTree = "<group>"; };
		32B82FBE2C947BDC0010F477 /* madmaxTests.xctest */ = {isa = PBXFileReference; explicitFileType = wrapper.cfbundle; includeInIndex = 0; path = madmaxTests.xctest; sourceTree = BUILT_PRODUCTS_DIR; };
		32B82FC22C947BDC0010F477 /* madmaxTests.swift */ = {isa = PBXFileReference; lastKnownFileType = sourcecode.swift; path = madmaxTests.swift; sourceTree = "<group>"; };
		32B82FC82C947BDC0010F477 /* madmaxUITests.xctest */ = {isa = PBXFileReference; explicitFileType = wrapper.cfbundle; includeInIndex = 0; path = madmaxUITests.xctest; sourceTree = BUILT_PRODUCTS_DIR; };
		32B82FCC2C947BDC0010F477 /* madmaxUITests.swift */ = {isa = PBXFileReference; lastKnownFileType = sourcecode.swift; path = madmaxUITests.swift; sourceTree = "<group>"; };
		32B82FCE2C947BDC0010F477 /* madmaxUITestsLaunchTests.swift */ = {isa = PBXFileReference; lastKnownFileType = sourcecode.swift; path = madmaxUITestsLaunchTests.swift; sourceTree = "<group>"; };
		C8314D6B2CAEEE1C00C796DB /* WebSocket.swift */ = {isa = PBXFileReference; lastKnownFileType = sourcecode.swift; path = WebSocket.swift; sourceTree = "<group>"; };
		C8314D6D2CAEF35C00C796DB /* OrderBookViewModel.swift */ = {isa = PBXFileReference; lastKnownFileType = sourcecode.swift; path = OrderBookViewModel.swift; sourceTree = "<group>"; };
		C8314D6F2CAF0CD700C796DB /* OrderBookRepository.swift */ = {isa = PBXFileReference; lastKnownFileType = sourcecode.swift; path = OrderBookRepository.swift; sourceTree = "<group>"; };
		C8314D712CAF0CDD00C796DB /* TradeRepository.swift */ = {isa = PBXFileReference; lastKnownFileType = sourcecode.swift; path = TradeRepository.swift; sourceTree = "<group>"; };
		C8314D732CAF0D8F00C796DB /* DefaultOrderBookRepository.swift */ = {isa = PBXFileReference; lastKnownFileType = sourcecode.swift; path = DefaultOrderBookRepository.swift; sourceTree = "<group>"; };
		C8314D752CAF0E4000C796DB /* Error.swift */ = {isa = PBXFileReference; lastKnownFileType = sourcecode.swift; path = Error.swift; sourceTree = "<group>"; };
		C8314D772CAF0EAD00C796DB /* Endpoint.swift */ = {isa = PBXFileReference; lastKnownFileType = sourcecode.swift; path = Endpoint.swift; sourceTree = "<group>"; };
		C8314D792CAF0F9C00C796DB /* OrderBookUseCase.swift */ = {isa = PBXFileReference; lastKnownFileType = sourcecode.swift; path = OrderBookUseCase.swift; sourceTree = "<group>"; };
		C8314D7B2CAF114B00C796DB /* OrderBook.swift */ = {isa = PBXFileReference; lastKnownFileType = sourcecode.swift; path = OrderBook.swift; sourceTree = "<group>"; };
		C8314D7D2CAF17EF00C796DB /* OrderBookDTO.swift */ = {isa = PBXFileReference; lastKnownFileType = sourcecode.swift; path = OrderBookDTO.swift; sourceTree = "<group>"; };
		C8314D7F2CAFCA5500C796DB /* TestOrderBookRepository.swift */ = {isa = PBXFileReference; lastKnownFileType = sourcecode.swift; path = TestOrderBookRepository.swift; sourceTree = "<group>"; };
/* End PBXFileReference section */

/* Begin PBXFrameworksBuildPhase section */
		32B82FAB2C947BDA0010F477 /* Frameworks */ = {
			isa = PBXFrameworksBuildPhase;
			buildActionMask = 2147483647;
			files = (
			);
			runOnlyForDeploymentPostprocessing = 0;
		};
		32B82FBB2C947BDC0010F477 /* Frameworks */ = {
			isa = PBXFrameworksBuildPhase;
			buildActionMask = 2147483647;
			files = (
			);
			runOnlyForDeploymentPostprocessing = 0;
		};
		32B82FC52C947BDC0010F477 /* Frameworks */ = {
			isa = PBXFrameworksBuildPhase;
			buildActionMask = 2147483647;
			files = (
			);
			runOnlyForDeploymentPostprocessing = 0;
		};
/* End PBXFrameworksBuildPhase section */

/* Begin PBXGroup section */
		32B82FA52C947BDA0010F477 = {
			isa = PBXGroup;
			children = (
				32B82FB02C947BDA0010F477 /* madmax */,
				32B82FC12C947BDC0010F477 /* madmaxTests */,
				32B82FCB2C947BDC0010F477 /* madmaxUITests */,
				32B82FAF2C947BDA0010F477 /* Products */,
			);
			sourceTree = "<group>";
		};
		32B82FAF2C947BDA0010F477 /* Products */ = {
			isa = PBXGroup;
			children = (
				32B82FAE2C947BDA0010F477 /* madmax.app */,
				32B82FBE2C947BDC0010F477 /* madmaxTests.xctest */,
				32B82FC82C947BDC0010F477 /* madmaxUITests.xctest */,
			);
			name = Products;
			sourceTree = "<group>";
		};
		32B82FB02C947BDA0010F477 /* madmax */ = {
			isa = PBXGroup;
			children = (
				C8314D6A2CAEED7300C796DB /* Network */,
				C8314D612CAEEA6600C796DB /* Data */,
				C8314D602CAEEA5F00C796DB /* Presentation */,
				C8314D5F2CAEE9BC00C796DB /* Domain */,
				32B82FB12C947BDA0010F477 /* madmaxApp.swift */,
				32B82FB32C947BDA0010F477 /* ContentView.swift */,
				32B82FB52C947BDC0010F477 /* Assets.xcassets */,
				32B82FB72C947BDC0010F477 /* Preview Content */,
			);
			path = madmax;
			sourceTree = "<group>";
		};
		32B82FB72C947BDC0010F477 /* Preview Content */ = {
			isa = PBXGroup;
			children = (
				32B82FB82C947BDC0010F477 /* Preview Assets.xcassets */,
			);
			path = "Preview Content";
			sourceTree = "<group>";
		};
		32B82FC12C947BDC0010F477 /* madmaxTests */ = {
			isa = PBXGroup;
			children = (
				32B82FC22C947BDC0010F477 /* madmaxTests.swift */,
			);
			path = madmaxTests;
			sourceTree = "<group>";
		};
		32B82FCB2C947BDC0010F477 /* madmaxUITests */ = {
			isa = PBXGroup;
			children = (
				32B82FCC2C947BDC0010F477 /* madmaxUITests.swift */,
				32B82FCE2C947BDC0010F477 /* madmaxUITestsLaunchTests.swift */,
			);
			path = madmaxUITests;
			sourceTree = "<group>";
		};
		C8314D5F2CAEE9BC00C796DB /* Domain */ = {
			isa = PBXGroup;
			children = (
				C8314D642CAEEAC000C796DB /* Repositories */,
				C8314D632CAEEAB400C796DB /* UseCases */,
				C8314D622CAEEAAD00C796DB /* Entities */,
			);
			path = Domain;
			sourceTree = "<group>";
		};
		C8314D602CAEEA5F00C796DB /* Presentation */ = {
			isa = PBXGroup;
			children = (
				C8314D692CAEED4D00C796DB /* RecentTrades */,
				C8314D682CAEED4300C796DB /* OrderBook */,
			);
			path = Presentation;
			sourceTree = "<group>";
		};
		C8314D612CAEEA6600C796DB /* Data */ = {
			isa = PBXGroup;
			children = (
				C8314D672CAEED1100C796DB /* DTO */,
				C8314D662CAEED0A00C796DB /* Network */,
				C8314D652CAEEC7600C796DB /* Repositories */,
			);
			path = Data;
			sourceTree = "<group>";
		};
		C8314D622CAEEAAD00C796DB /* Entities */ = {
			isa = PBXGroup;
			children = (
				C8314D752CAF0E4000C796DB /* Error.swift */,
				C8314D7B2CAF114B00C796DB /* OrderBook.swift */,
			);
			path = Entities;
			sourceTree = "<group>";
		};
		C8314D632CAEEAB400C796DB /* UseCases */ = {
			isa = PBXGroup;
			children = (
				C8314D792CAF0F9C00C796DB /* OrderBookUseCase.swift */,
			);
			path = UseCases;
			sourceTree = "<group>";
		};
		C8314D642CAEEAC000C796DB /* Repositories */ = {
			isa = PBXGroup;
			children = (
				C8314D6F2CAF0CD700C796DB /* OrderBookRepository.swift */,
				C8314D712CAF0CDD00C796DB /* TradeRepository.swift */,
			);
			path = Repositories;
			sourceTree = "<group>";
		};
		C8314D652CAEEC7600C796DB /* Repositories */ = {
			isa = PBXGroup;
			children = (
				C8314D732CAF0D8F00C796DB /* DefaultOrderBookRepository.swift */,
				C8314D7F2CAFCA5500C796DB /* TestOrderBookRepository.swift */,
			);
			path = Repositories;
			sourceTree = "<group>";
		};
		C8314D662CAEED0A00C796DB /* Network */ = {
			isa = PBXGroup;
			children = (
				C8314D772CAF0EAD00C796DB /* Endpoint.swift */,
			);
			path = Network;
			sourceTree = "<group>";
		};
		C8314D672CAEED1100C796DB /* DTO */ = {
			isa = PBXGroup;
			children = (
				C8314D7D2CAF17EF00C796DB /* OrderBookDTO.swift */,
			);
			path = DTO;
			sourceTree = "<group>";
		};
		C8314D682CAEED4300C796DB /* OrderBook */ = {
			isa = PBXGroup;
			children = (
				C8314D6D2CAEF35C00C796DB /* OrderBookViewModel.swift */,
			);
			path = OrderBook;
			sourceTree = "<group>";
		};
		C8314D692CAEED4D00C796DB /* RecentTrades */ = {
			isa = PBXGroup;
			children = (
			);
			path = RecentTrades;
			sourceTree = "<group>";
		};
		C8314D6A2CAEED7300C796DB /* Network */ = {
			isa = PBXGroup;
			children = (
				C8314D6B2CAEEE1C00C796DB /* WebSocket.swift */,
			);
			path = Network;
			sourceTree = "<group>";
		};
/* End PBXGroup section */

/* Begin PBXNativeTarget section */
		32B82FAD2C947BDA0010F477 /* madmax */ = {
			isa = PBXNativeTarget;
			buildConfigurationList = 32B82FD22C947BDC0010F477 /* Build configuration list for PBXNativeTarget "madmax" */;
			buildPhases = (
				32B82FAA2C947BDA0010F477 /* Sources */,
				32B82FAB2C947BDA0010F477 /* Frameworks */,
				32B82FAC2C947BDA0010F477 /* Resources */,
			);
			buildRules = (
			);
			dependencies = (
			);
			name = madmax;
			productName = madmax;
			productReference = 32B82FAE2C947BDA0010F477 /* madmax.app */;
			productType = "com.apple.product-type.application";
		};
		32B82FBD2C947BDC0010F477 /* madmaxTests */ = {
			isa = PBXNativeTarget;
			buildConfigurationList = 32B82FD52C947BDC0010F477 /* Build configuration list for PBXNativeTarget "madmaxTests" */;
			buildPhases = (
				32B82FBA2C947BDC0010F477 /* Sources */,
				32B82FBB2C947BDC0010F477 /* Frameworks */,
				32B82FBC2C947BDC0010F477 /* Resources */,
			);
			buildRules = (
			);
			dependencies = (
				32B82FC02C947BDC0010F477 /* PBXTargetDependency */,
			);
			name = madmaxTests;
			productName = madmaxTests;
			productReference = 32B82FBE2C947BDC0010F477 /* madmaxTests.xctest */;
			productType = "com.apple.product-type.bundle.unit-test";
		};
		32B82FC72C947BDC0010F477 /* madmaxUITests */ = {
			isa = PBXNativeTarget;
			buildConfigurationList = 32B82FD82C947BDC0010F477 /* Build configuration list for PBXNativeTarget "madmaxUITests" */;
			buildPhases = (
				32B82FC42C947BDC0010F477 /* Sources */,
				32B82FC52C947BDC0010F477 /* Frameworks */,
				32B82FC62C947BDC0010F477 /* Resources */,
			);
			buildRules = (
			);
			dependencies = (
				32B82FCA2C947BDC0010F477 /* PBXTargetDependency */,
			);
			name = madmaxUITests;
			productName = madmaxUITests;
			productReference = 32B82FC82C947BDC0010F477 /* madmaxUITests.xctest */;
			productType = "com.apple.product-type.bundle.ui-testing";
		};
/* End PBXNativeTarget section */

/* Begin PBXProject section */
		32B82FA62C947BDA0010F477 /* Project object */ = {
			isa = PBXProject;
			attributes = {
				BuildIndependentTargetsInParallel = 1;
				LastSwiftUpdateCheck = 1540;
				LastUpgradeCheck = 1540;
				TargetAttributes = {
					32B82FAD2C947BDA0010F477 = {
						CreatedOnToolsVersion = 15.4;
					};
					32B82FBD2C947BDC0010F477 = {
						CreatedOnToolsVersion = 15.4;
						TestTargetID = 32B82FAD2C947BDA0010F477;
					};
					32B82FC72C947BDC0010F477 = {
						CreatedOnToolsVersion = 15.4;
						TestTargetID = 32B82FAD2C947BDA0010F477;
					};
				};
			};
			buildConfigurationList = 32B82FA92C947BDA0010F477 /* Build configuration list for PBXProject "madmax" */;
			compatibilityVersion = "Xcode 14.0";
			developmentRegion = en;
			hasScannedForEncodings = 0;
			knownRegions = (
				en,
				Base,
			);
			mainGroup = 32B82FA52C947BDA0010F477;
			productRefGroup = 32B82FAF2C947BDA0010F477 /* Products */;
			projectDirPath = "";
			projectRoot = "";
			targets = (
				32B82FAD2C947BDA0010F477 /* madmax */,
				32B82FBD2C947BDC0010F477 /* madmaxTests */,
				32B82FC72C947BDC0010F477 /* madmaxUITests */,
			);
		};
/* End PBXProject section */

/* Begin PBXResourcesBuildPhase section */
		32B82FAC2C947BDA0010F477 /* Resources */ = {
			isa = PBXResourcesBuildPhase;
			buildActionMask = 2147483647;
			files = (
				32B82FB92C947BDC0010F477 /* Preview Assets.xcassets in Resources */,
				32B82FB62C947BDC0010F477 /* Assets.xcassets in Resources */,
			);
			runOnlyForDeploymentPostprocessing = 0;
		};
		32B82FBC2C947BDC0010F477 /* Resources */ = {
			isa = PBXResourcesBuildPhase;
			buildActionMask = 2147483647;
			files = (
			);
			runOnlyForDeploymentPostprocessing = 0;
		};
		32B82FC62C947BDC0010F477 /* Resources */ = {
			isa = PBXResourcesBuildPhase;
			buildActionMask = 2147483647;
			files = (
			);
			runOnlyForDeploymentPostprocessing = 0;
		};
/* End PBXResourcesBuildPhase section */

/* Begin PBXSourcesBuildPhase section */
		32B82FAA2C947BDA0010F477 /* Sources */ = {
			isa = PBXSourcesBuildPhase;
			buildActionMask = 2147483647;
			files = (
				C8314D802CAFCA5500C796DB /* TestOrderBookRepository.swift in Sources */,
				C8314D762CAF0E4000C796DB /* Error.swift in Sources */,
				C8314D782CAF0EAD00C796DB /* Endpoint.swift in Sources */,
				C8314D7C2CAF114B00C796DB /* OrderBook.swift in Sources */,
				32B82FB42C947BDA0010F477 /* ContentView.swift in Sources */,
				C8314D6C2CAEEE1C00C796DB /* WebSocket.swift in Sources */,
				C8314D722CAF0CDD00C796DB /* TradeRepository.swift in Sources */,
				C8314D7A2CAF0F9C00C796DB /* OrderBookUseCase.swift in Sources */,
				C8314D6E2CAEF35C00C796DB /* OrderBookViewModel.swift in Sources */,
				C8314D742CAF0D8F00C796DB /* DefaultOrderBookRepository.swift in Sources */,
				C8314D7E2CAF17EF00C796DB /* OrderBookDTO.swift in Sources */,
				C8314D702CAF0CD700C796DB /* OrderBookRepository.swift in Sources */,
				32B82FB22C947BDA0010F477 /* madmaxApp.swift in Sources */,
			);
			runOnlyForDeploymentPostprocessing = 0;
		};
		32B82FBA2C947BDC0010F477 /* Sources */ = {
			isa = PBXSourcesBuildPhase;
			buildActionMask = 2147483647;
			files = (
				32B82FC32C947BDC0010F477 /* madmaxTests.swift in Sources */,
			);
			runOnlyForDeploymentPostprocessing = 0;
		};
		32B82FC42C947BDC0010F477 /* Sources */ = {
			isa = PBXSourcesBuildPhase;
			buildActionMask = 2147483647;
			files = (
				32B82FCF2C947BDC0010F477 /* madmaxUITestsLaunchTests.swift in Sources */,
				32B82FCD2C947BDC0010F477 /* madmaxUITests.swift in Sources */,
			);
			runOnlyForDeploymentPostprocessing = 0;
		};
/* End PBXSourcesBuildPhase section */

/* Begin PBXTargetDependency section */
		32B82FC02C947BDC0010F477 /* PBXTargetDependency */ = {
			isa = PBXTargetDependency;
			target = 32B82FAD2C947BDA0010F477 /* madmax */;
			targetProxy = 32B82FBF2C947BDC0010F477 /* PBXContainerItemProxy */;
		};
		32B82FCA2C947BDC0010F477 /* PBXTargetDependency */ = {
			isa = PBXTargetDependency;
			target = 32B82FAD2C947BDA0010F477 /* madmax */;
			targetProxy = 32B82FC92C947BDC0010F477 /* PBXContainerItemProxy */;
		};
/* End PBXTargetDependency section */

/* Begin XCBuildConfiguration section */
		32B82FD02C947BDC0010F477 /* Debug */ = {
			isa = XCBuildConfiguration;
			buildSettings = {
				ALWAYS_SEARCH_USER_PATHS = NO;
				ASSETCATALOG_COMPILER_GENERATE_SWIFT_ASSET_SYMBOL_EXTENSIONS = YES;
				CLANG_ANALYZER_NONNULL = YES;
				CLANG_ANALYZER_NUMBER_OBJECT_CONVERSION = YES_AGGRESSIVE;
				CLANG_CXX_LANGUAGE_STANDARD = "gnu++20";
				CLANG_ENABLE_MODULES = YES;
				CLANG_ENABLE_OBJC_ARC = YES;
				CLANG_ENABLE_OBJC_WEAK = YES;
				CLANG_WARN_BLOCK_CAPTURE_AUTORELEASING = YES;
				CLANG_WARN_BOOL_CONVERSION = YES;
				CLANG_WARN_COMMA = YES;
				CLANG_WARN_CONSTANT_CONVERSION = YES;
				CLANG_WARN_DEPRECATED_OBJC_IMPLEMENTATIONS = YES;
				CLANG_WARN_DIRECT_OBJC_ISA_USAGE = YES_ERROR;
				CLANG_WARN_DOCUMENTATION_COMMENTS = YES;
				CLANG_WARN_EMPTY_BODY = YES;
				CLANG_WARN_ENUM_CONVERSION = YES;
				CLANG_WARN_INFINITE_RECURSION = YES;
				CLANG_WARN_INT_CONVERSION = YES;
				CLANG_WARN_NON_LITERAL_NULL_CONVERSION = YES;
				CLANG_WARN_OBJC_IMPLICIT_RETAIN_SELF = YES;
				CLANG_WARN_OBJC_LITERAL_CONVERSION = YES;
				CLANG_WARN_OBJC_ROOT_CLASS = YES_ERROR;
				CLANG_WARN_QUOTED_INCLUDE_IN_FRAMEWORK_HEADER = YES;
				CLANG_WARN_RANGE_LOOP_ANALYSIS = YES;
				CLANG_WARN_STRICT_PROTOTYPES = YES;
				CLANG_WARN_SUSPICIOUS_MOVE = YES;
				CLANG_WARN_UNGUARDED_AVAILABILITY = YES_AGGRESSIVE;
				CLANG_WARN_UNREACHABLE_CODE = YES;
				CLANG_WARN__DUPLICATE_METHOD_MATCH = YES;
				COPY_PHASE_STRIP = NO;
				DEBUG_INFORMATION_FORMAT = dwarf;
				ENABLE_STRICT_OBJC_MSGSEND = YES;
				ENABLE_TESTABILITY = YES;
				ENABLE_USER_SCRIPT_SANDBOXING = YES;
				GCC_C_LANGUAGE_STANDARD = gnu17;
				GCC_DYNAMIC_NO_PIC = NO;
				GCC_NO_COMMON_BLOCKS = YES;
				GCC_OPTIMIZATION_LEVEL = 0;
				GCC_PREPROCESSOR_DEFINITIONS = (
					"DEBUG=1",
					"$(inherited)",
				);
				GCC_WARN_64_TO_32_BIT_CONVERSION = YES;
				GCC_WARN_ABOUT_RETURN_TYPE = YES_ERROR;
				GCC_WARN_UNDECLARED_SELECTOR = YES;
				GCC_WARN_UNINITIALIZED_AUTOS = YES_AGGRESSIVE;
				GCC_WARN_UNUSED_FUNCTION = YES;
				GCC_WARN_UNUSED_VARIABLE = YES;
				IPHONEOS_DEPLOYMENT_TARGET = 17.5;
				LOCALIZATION_PREFERS_STRING_CATALOGS = YES;
				MTL_ENABLE_DEBUG_INFO = INCLUDE_SOURCE;
				MTL_FAST_MATH = YES;
				ONLY_ACTIVE_ARCH = YES;
				SDKROOT = iphoneos;
				SWIFT_ACTIVE_COMPILATION_CONDITIONS = "DEBUG $(inherited)";
				SWIFT_OPTIMIZATION_LEVEL = "-Onone";
			};
			name = Debug;
		};
		32B82FD12C947BDC0010F477 /* Release */ = {
			isa = XCBuildConfiguration;
			buildSettings = {
				ALWAYS_SEARCH_USER_PATHS = NO;
				ASSETCATALOG_COMPILER_GENERATE_SWIFT_ASSET_SYMBOL_EXTENSIONS = YES;
				CLANG_ANALYZER_NONNULL = YES;
				CLANG_ANALYZER_NUMBER_OBJECT_CONVERSION = YES_AGGRESSIVE;
				CLANG_CXX_LANGUAGE_STANDARD = "gnu++20";
				CLANG_ENABLE_MODULES = YES;
				CLANG_ENABLE_OBJC_ARC = YES;
				CLANG_ENABLE_OBJC_WEAK = YES;
				CLANG_WARN_BLOCK_CAPTURE_AUTORELEASING = YES;
				CLANG_WARN_BOOL_CONVERSION = YES;
				CLANG_WARN_COMMA = YES;
				CLANG_WARN_CONSTANT_CONVERSION = YES;
				CLANG_WARN_DEPRECATED_OBJC_IMPLEMENTATIONS = YES;
				CLANG_WARN_DIRECT_OBJC_ISA_USAGE = YES_ERROR;
				CLANG_WARN_DOCUMENTATION_COMMENTS = YES;
				CLANG_WARN_EMPTY_BODY = YES;
				CLANG_WARN_ENUM_CONVERSION = YES;
				CLANG_WARN_INFINITE_RECURSION = YES;
				CLANG_WARN_INT_CONVERSION = YES;
				CLANG_WARN_NON_LITERAL_NULL_CONVERSION = YES;
				CLANG_WARN_OBJC_IMPLICIT_RETAIN_SELF = YES;
				CLANG_WARN_OBJC_LITERAL_CONVERSION = YES;
				CLANG_WARN_OBJC_ROOT_CLASS = YES_ERROR;
				CLANG_WARN_QUOTED_INCLUDE_IN_FRAMEWORK_HEADER = YES;
				CLANG_WARN_RANGE_LOOP_ANALYSIS = YES;
				CLANG_WARN_STRICT_PROTOTYPES = YES;
				CLANG_WARN_SUSPICIOUS_MOVE = YES;
				CLANG_WARN_UNGUARDED_AVAILABILITY = YES_AGGRESSIVE;
				CLANG_WARN_UNREACHABLE_CODE = YES;
				CLANG_WARN__DUPLICATE_METHOD_MATCH = YES;
				COPY_PHASE_STRIP = NO;
				DEBUG_INFORMATION_FORMAT = "dwarf-with-dsym";
				ENABLE_NS_ASSERTIONS = NO;
				ENABLE_STRICT_OBJC_MSGSEND = YES;
				ENABLE_USER_SCRIPT_SANDBOXING = YES;
				GCC_C_LANGUAGE_STANDARD = gnu17;
				GCC_NO_COMMON_BLOCKS = YES;
				GCC_WARN_64_TO_32_BIT_CONVERSION = YES;
				GCC_WARN_ABOUT_RETURN_TYPE = YES_ERROR;
				GCC_WARN_UNDECLARED_SELECTOR = YES;
				GCC_WARN_UNINITIALIZED_AUTOS = YES_AGGRESSIVE;
				GCC_WARN_UNUSED_FUNCTION = YES;
				GCC_WARN_UNUSED_VARIABLE = YES;
				IPHONEOS_DEPLOYMENT_TARGET = 17.5;
				LOCALIZATION_PREFERS_STRING_CATALOGS = YES;
				MTL_ENABLE_DEBUG_INFO = NO;
				MTL_FAST_MATH = YES;
				SDKROOT = iphoneos;
				SWIFT_COMPILATION_MODE = wholemodule;
				VALIDATE_PRODUCT = YES;
			};
			name = Release;
		};
		32B82FD32C947BDC0010F477 /* Debug */ = {
			isa = XCBuildConfiguration;
			buildSettings = {
				ASSETCATALOG_COMPILER_APPICON_NAME = AppIcon;
				ASSETCATALOG_COMPILER_GLOBAL_ACCENT_COLOR_NAME = AccentColor;
				CODE_SIGN_STYLE = Automatic;
				CURRENT_PROJECT_VERSION = 1;
				DEVELOPMENT_ASSET_PATHS = "\"madmax/Preview Content\"";
				ENABLE_PREVIEWS = YES;
				GENERATE_INFOPLIST_FILE = YES;
				INFOPLIST_KEY_UIApplicationSceneManifest_Generation = YES;
				INFOPLIST_KEY_UIApplicationSupportsIndirectInputEvents = YES;
				INFOPLIST_KEY_UILaunchScreen_Generation = YES;
				INFOPLIST_KEY_UISupportedInterfaceOrientations_iPad = "UIInterfaceOrientationPortrait UIInterfaceOrientationPortraitUpsideDown UIInterfaceOrientationLandscapeLeft UIInterfaceOrientationLandscapeRight";
				INFOPLIST_KEY_UISupportedInterfaceOrientations_iPhone = "UIInterfaceOrientationPortrait UIInterfaceOrientationLandscapeLeft UIInterfaceOrientationLandscapeRight";
				LD_RUNPATH_SEARCH_PATHS = (
					"$(inherited)",
					"@executable_path/Frameworks",
				);
				MARKETING_VERSION = 1.0;
				PRODUCT_BUNDLE_IDENTIFIER = iosstudy.madmax;
				PRODUCT_NAME = "$(TARGET_NAME)";
				SWIFT_EMIT_LOC_STRINGS = YES;
				SWIFT_VERSION = 5.0;
				TARGETED_DEVICE_FAMILY = "1,2";
			};
			name = Debug;
		};
		32B82FD42C947BDC0010F477 /* Release */ = {
			isa = XCBuildConfiguration;
			buildSettings = {
				ASSETCATALOG_COMPILER_APPICON_NAME = AppIcon;
				ASSETCATALOG_COMPILER_GLOBAL_ACCENT_COLOR_NAME = AccentColor;
				CODE_SIGN_STYLE = Automatic;
				CURRENT_PROJECT_VERSION = 1;
				DEVELOPMENT_ASSET_PATHS = "\"madmax/Preview Content\"";
				ENABLE_PREVIEWS = YES;
				GENERATE_INFOPLIST_FILE = YES;
				INFOPLIST_KEY_UIApplicationSceneManifest_Generation = YES;
				INFOPLIST_KEY_UIApplicationSupportsIndirectInputEvents = YES;
				INFOPLIST_KEY_UILaunchScreen_Generation = YES;
				INFOPLIST_KEY_UISupportedInterfaceOrientations_iPad = "UIInterfaceOrientationPortrait UIInterfaceOrientationPortraitUpsideDown UIInterfaceOrientationLandscapeLeft UIInterfaceOrientationLandscapeRight";
				INFOPLIST_KEY_UISupportedInterfaceOrientations_iPhone = "UIInterfaceOrientationPortrait UIInterfaceOrientationLandscapeLeft UIInterfaceOrientationLandscapeRight";
				LD_RUNPATH_SEARCH_PATHS = (
					"$(inherited)",
					"@executable_path/Frameworks",
				);
				MARKETING_VERSION = 1.0;
				PRODUCT_BUNDLE_IDENTIFIER = iosstudy.madmax;
				PRODUCT_NAME = "$(TARGET_NAME)";
				SWIFT_EMIT_LOC_STRINGS = YES;
				SWIFT_VERSION = 5.0;
				TARGETED_DEVICE_FAMILY = "1,2";
			};
			name = Release;
		};
		32B82FD62C947BDC0010F477 /* Debug */ = {
			isa = XCBuildConfiguration;
			buildSettings = {
				ALWAYS_EMBED_SWIFT_STANDARD_LIBRARIES = YES;
				BUNDLE_LOADER = "$(TEST_HOST)";
				CODE_SIGN_STYLE = Automatic;
				CURRENT_PROJECT_VERSION = 1;
				GENERATE_INFOPLIST_FILE = YES;
				IPHONEOS_DEPLOYMENT_TARGET = 17.5;
				MARKETING_VERSION = 1.0;
				PRODUCT_BUNDLE_IDENTIFIER = iosstudy.madmaxTests;
				PRODUCT_NAME = "$(TARGET_NAME)";
				SWIFT_EMIT_LOC_STRINGS = NO;
				SWIFT_VERSION = 5.0;
				TARGETED_DEVICE_FAMILY = "1,2";
				TEST_HOST = "$(BUILT_PRODUCTS_DIR)/madmax.app/$(BUNDLE_EXECUTABLE_FOLDER_PATH)/madmax";
			};
			name = Debug;
		};
		32B82FD72C947BDC0010F477 /* Release */ = {
			isa = XCBuildConfiguration;
			buildSettings = {
				ALWAYS_EMBED_SWIFT_STANDARD_LIBRARIES = YES;
				BUNDLE_LOADER = "$(TEST_HOST)";
				CODE_SIGN_STYLE = Automatic;
				CURRENT_PROJECT_VERSION = 1;
				GENERATE_INFOPLIST_FILE = YES;
				IPHONEOS_DEPLOYMENT_TARGET = 17.5;
				MARKETING_VERSION = 1.0;
				PRODUCT_BUNDLE_IDENTIFIER = iosstudy.madmaxTests;
				PRODUCT_NAME = "$(TARGET_NAME)";
				SWIFT_EMIT_LOC_STRINGS = NO;
				SWIFT_VERSION = 5.0;
				TARGETED_DEVICE_FAMILY = "1,2";
				TEST_HOST = "$(BUILT_PRODUCTS_DIR)/madmax.app/$(BUNDLE_EXECUTABLE_FOLDER_PATH)/madmax";
			};
			name = Release;
		};
		32B82FD92C947BDC0010F477 /* Debug */ = {
			isa = XCBuildConfiguration;
			buildSettings = {
				ALWAYS_EMBED_SWIFT_STANDARD_LIBRARIES = YES;
				CODE_SIGN_STYLE = Automatic;
				CURRENT_PROJECT_VERSION = 1;
				GENERATE_INFOPLIST_FILE = YES;
				MARKETING_VERSION = 1.0;
				PRODUCT_BUNDLE_IDENTIFIER = iosstudy.madmaxUITests;
				PRODUCT_NAME = "$(TARGET_NAME)";
				SWIFT_EMIT_LOC_STRINGS = NO;
				SWIFT_VERSION = 5.0;
				TARGETED_DEVICE_FAMILY = "1,2";
				TEST_TARGET_NAME = madmax;
			};
			name = Debug;
		};
		32B82FDA2C947BDC0010F477 /* Release */ = {
			isa = XCBuildConfiguration;
			buildSettings = {
				ALWAYS_EMBED_SWIFT_STANDARD_LIBRARIES = YES;
				CODE_SIGN_STYLE = Automatic;
				CURRENT_PROJECT_VERSION = 1;
				GENERATE_INFOPLIST_FILE = YES;
				MARKETING_VERSION = 1.0;
				PRODUCT_BUNDLE_IDENTIFIER = iosstudy.madmaxUITests;
				PRODUCT_NAME = "$(TARGET_NAME)";
				SWIFT_EMIT_LOC_STRINGS = NO;
				SWIFT_VERSION = 5.0;
				TARGETED_DEVICE_FAMILY = "1,2";
				TEST_TARGET_NAME = madmax;
			};
			name = Release;
		};
/* End XCBuildConfiguration section */

/* Begin XCConfigurationList section */
		32B82FA92C947BDA0010F477 /* Build configuration list for PBXProject "madmax" */ = {
			isa = XCConfigurationList;
			buildConfigurations = (
				32B82FD02C947BDC0010F477 /* Debug */,
				32B82FD12C947BDC0010F477 /* Release */,
			);
			defaultConfigurationIsVisible = 0;
			defaultConfigurationName = Release;
		};
		32B82FD22C947BDC0010F477 /* Build configuration list for PBXNativeTarget "madmax" */ = {
			isa = XCConfigurationList;
			buildConfigurations = (
				32B82FD32C947BDC0010F477 /* Debug */,
				32B82FD42C947BDC0010F477 /* Release */,
			);
			defaultConfigurationIsVisible = 0;
			defaultConfigurationName = Release;
		};
		32B82FD52C947BDC0010F477 /* Build configuration list for PBXNativeTarget "madmaxTests" */ = {
			isa = XCConfigurationList;
			buildConfigurations = (
				32B82FD62C947BDC0010F477 /* Debug */,
				32B82FD72C947BDC0010F477 /* Release */,
			);
			defaultConfigurationIsVisible = 0;
			defaultConfigurationName = Release;
		};
		32B82FD82C947BDC0010F477 /* Build configuration list for PBXNativeTarget "madmaxUITests" */ = {
			isa = XCConfigurationList;
			buildConfigurations = (
				32B82FD92C947BDC0010F477 /* Debug */,
				32B82FDA2C947BDC0010F477 /* Release */,
			);
			defaultConfigurationIsVisible = 0;
			defaultConfigurationName = Release;
		};
/* End XCConfigurationList section */
	};
	rootObject = 32B82FA62C947BDA0010F477 /* Project object */;
}
